// !$*UTF8*$!
{
	archiveVersion = 1;
	classes = {
	};
	objectVersion = 56;
	objects = {

/* Begin PBXBuildFile section */
		853AEE392970006400D20881 /* LanguageManagerSwiftUI in Frameworks */ = {isa = PBXBuildFile; productRef = 853AEE382970006400D20881 /* LanguageManagerSwiftUI */; };
		853AEE3F2970077700D20881 /* LangaugeView.swift in Sources */ = {isa = PBXBuildFile; fileRef = 853AEE3E2970077700D20881 /* LangaugeView.swift */; };
		853AEE41297008E000D20881 /* LanguageManagerView.swift in Sources */ = {isa = PBXBuildFile; fileRef = 853AEE40297008E000D20881 /* LanguageManagerView.swift */; };
		853AEE432970091A00D20881 /* LanguageSettings.swift in Sources */ = {isa = PBXBuildFile; fileRef = 853AEE422970091A00D20881 /* LanguageSettings.swift */; };
		853AEE452970099700D20881 /* AppUserDefault.swift in Sources */ = {isa = PBXBuildFile; fileRef = 853AEE442970099700D20881 /* AppUserDefault.swift */; };
		853AEE4729700B2200D20881 /* AppButtonStyle.swift in Sources */ = {isa = PBXBuildFile; fileRef = 853AEE4629700B2200D20881 /* AppButtonStyle.swift */; };
		853B7A7B296C1F4900459D49 /* NebtonApp.swift in Sources */ = {isa = PBXBuildFile; fileRef = 853B7A7A296C1F4900459D49 /* NebtonApp.swift */; };
		853B7A7F296C1F4A00459D49 /* Assets.xcassets in Resources */ = {isa = PBXBuildFile; fileRef = 853B7A7E296C1F4A00459D49 /* Assets.xcassets */; };
		853B7A82296C1F4A00459D49 /* Preview Assets.xcassets in Resources */ = {isa = PBXBuildFile; fileRef = 853B7A81296C1F4A00459D49 /* Preview Assets.xcassets */; };
		853B7A8C296C1F4A00459D49 /* NebtonTests.swift in Sources */ = {isa = PBXBuildFile; fileRef = 853B7A8B296C1F4A00459D49 /* NebtonTests.swift */; };
		853B7A96296C1F4A00459D49 /* NebtonUITests.swift in Sources */ = {isa = PBXBuildFile; fileRef = 853B7A95296C1F4A00459D49 /* NebtonUITests.swift */; };
		853B7A98296C1F4A00459D49 /* NebtonUITestsLaunchTests.swift in Sources */ = {isa = PBXBuildFile; fileRef = 853B7A97296C1F4A00459D49 /* NebtonUITestsLaunchTests.swift */; };
		853B7AA7296C1F7500459D49 /* HomePage.swift in Sources */ = {isa = PBXBuildFile; fileRef = 853B7AA6296C1F7500459D49 /* HomePage.swift */; };
		853B7AA9296C1F9300459D49 /* LodingPage.swift in Sources */ = {isa = PBXBuildFile; fileRef = 853B7AA8296C1F9300459D49 /* LodingPage.swift */; };
		853B7AAB296C1FAC00459D49 /* StoryOnePage.swift in Sources */ = {isa = PBXBuildFile; fileRef = 853B7AAA296C1FAC00459D49 /* StoryOnePage.swift */; };
		853B7AAD296C1FC300459D49 /* StoryTwoPage.swift in Sources */ = {isa = PBXBuildFile; fileRef = 853B7AAC296C1FC300459D49 /* StoryTwoPage.swift */; };
		853B7AB0296C2A9100459D49 /* FLAnimatedImage in Frameworks */ = {isa = PBXBuildFile; productRef = 853B7AAF296C2A9100459D49 /* FLAnimatedImage */; };
		853B7AB2296C2ADA00459D49 /* GIF view.swift in Sources */ = {isa = PBXBuildFile; fileRef = 853B7AB1296C2ADA00459D49 /* GIF view.swift */; };
		853B7AB5296C315E00459D49 /* Localizable.strings in Resources */ = {isa = PBXBuildFile; fileRef = 853B7AB7296C315E00459D49 /* Localizable.strings */; };
		853B7AB9296C335200459D49 /* Nebton.gif in Resources */ = {isa = PBXBuildFile; fileRef = 853B7ABB296C335200459D49 /* Nebton.gif */; };
		8564BC48296EC24E00DF2D4C /* Nebton.gif in Resources */ = {isa = PBXBuildFile; fileRef = 853B7ABA296C335200459D49 /* Nebton.gif */; };
		85D24693297035DA00208FFC /* SPAlert in Frameworks */ = {isa = PBXBuildFile; productRef = 85D24692297035DA00208FFC /* SPAlert */; };
/* End PBXBuildFile section */

/* Begin PBXContainerItemProxy section */
		853B7A88296C1F4A00459D49 /* PBXContainerItemProxy */ = {
			isa = PBXContainerItemProxy;
			containerPortal = 853B7A6F296C1F4900459D49 /* Project object */;
			proxyType = 1;
			remoteGlobalIDString = 853B7A76296C1F4900459D49;
			remoteInfo = Nebton;
		};
		853B7A92296C1F4A00459D49 /* PBXContainerItemProxy */ = {
			isa = PBXContainerItemProxy;
			containerPortal = 853B7A6F296C1F4900459D49 /* Project object */;
			proxyType = 1;
			remoteGlobalIDString = 853B7A76296C1F4900459D49;
			remoteInfo = Nebton;
		};
/* End PBXContainerItemProxy section */

/* Begin PBXFileReference section */
		853AEE3E2970077700D20881 /* LangaugeView.swift */ = {isa = PBXFileReference; lastKnownFileType = sourcecode.swift; path = LangaugeView.swift; sourceTree = "<group>"; };
		853AEE40297008E000D20881 /* LanguageManagerView.swift */ = {isa = PBXFileReference; lastKnownFileType = sourcecode.swift; path = LanguageManagerView.swift; sourceTree = "<group>"; };
		853AEE422970091A00D20881 /* LanguageSettings.swift */ = {isa = PBXFileReference; lastKnownFileType = sourcecode.swift; path = LanguageSettings.swift; sourceTree = "<group>"; };
		853AEE442970099700D20881 /* AppUserDefault.swift */ = {isa = PBXFileReference; lastKnownFileType = sourcecode.swift; path = AppUserDefault.swift; sourceTree = "<group>"; };
		853AEE4629700B2200D20881 /* AppButtonStyle.swift */ = {isa = PBXFileReference; lastKnownFileType = sourcecode.swift; path = AppButtonStyle.swift; sourceTree = "<group>"; };
		853B7A77296C1F4900459D49 /* Nebton.app */ = {isa = PBXFileReference; explicitFileType = wrapper.application; includeInIndex = 0; path = Nebton.app; sourceTree = BUILT_PRODUCTS_DIR; };
		853B7A7A296C1F4900459D49 /* NebtonApp.swift */ = {isa = PBXFileReference; lastKnownFileType = sourcecode.swift; path = NebtonApp.swift; sourceTree = "<group>"; };
		853B7A7E296C1F4A00459D49 /* Assets.xcassets */ = {isa = PBXFileReference; lastKnownFileType = folder.assetcatalog; path = Assets.xcassets; sourceTree = "<group>"; };
		853B7A81296C1F4A00459D49 /* Preview Assets.xcassets */ = {isa = PBXFileReference; lastKnownFileType = folder.assetcatalog; path = "Preview Assets.xcassets"; sourceTree = "<group>"; };
		853B7A87296C1F4A00459D49 /* NebtonTests.xctest */ = {isa = PBXFileReference; explicitFileType = wrapper.cfbundle; includeInIndex = 0; path = NebtonTests.xctest; sourceTree = BUILT_PRODUCTS_DIR; };
		853B7A8B296C1F4A00459D49 /* NebtonTests.swift */ = {isa = PBXFileReference; lastKnownFileType = sourcecode.swift; path = NebtonTests.swift; sourceTree = "<group>"; };
		853B7A91296C1F4A00459D49 /* NebtonUITests.xctest */ = {isa = PBXFileReference; explicitFileType = wrapper.cfbundle; includeInIndex = 0; path = NebtonUITests.xctest; sourceTree = BUILT_PRODUCTS_DIR; };
		853B7A95296C1F4A00459D49 /* NebtonUITests.swift */ = {isa = PBXFileReference; lastKnownFileType = sourcecode.swift; path = NebtonUITests.swift; sourceTree = "<group>"; };
		853B7A97296C1F4A00459D49 /* NebtonUITestsLaunchTests.swift */ = {isa = PBXFileReference; lastKnownFileType = sourcecode.swift; path = NebtonUITestsLaunchTests.swift; sourceTree = "<group>"; };
		853B7AA6296C1F7500459D49 /* HomePage.swift */ = {isa = PBXFileReference; lastKnownFileType = sourcecode.swift; path = HomePage.swift; sourceTree = "<group>"; };
		853B7AA8296C1F9300459D49 /* LodingPage.swift */ = {isa = PBXFileReference; lastKnownFileType = sourcecode.swift; path = LodingPage.swift; sourceTree = "<group>"; };
		853B7AAA296C1FAC00459D49 /* StoryOnePage.swift */ = {isa = PBXFileReference; indentWidth = 4; lastKnownFileType = sourcecode.swift; path = StoryOnePage.swift; sourceTree = "<group>"; tabWidth = 4; usesTabs = 0; };
		853B7AAC296C1FC300459D49 /* StoryTwoPage.swift */ = {isa = PBXFileReference; lastKnownFileType = sourcecode.swift; path = StoryTwoPage.swift; sourceTree = "<group>"; };
		853B7AB1296C2ADA00459D49 /* GIF view.swift */ = {isa = PBXFileReference; lastKnownFileType = sourcecode.swift; path = "GIF view.swift"; sourceTree = "<group>"; };
		853B7AB6296C315E00459D49 /* en */ = {isa = PBXFileReference; lastKnownFileType = text.plist.strings; name = en; path = en.lproj/Localizable.strings; sourceTree = "<group>"; };
		853B7AB8296C316200459D49 /* ar */ = {isa = PBXFileReference; lastKnownFileType = text.plist.strings; name = ar; path = ar.lproj/Localizable.strings; sourceTree = "<group>"; };
		853B7ABA296C335200459D49 /* Nebton.gif */ = {isa = PBXFileReference; lastKnownFileType = image.gif; name = Nebton.gif; path = ../../Nebton.gif; sourceTree = "<group>"; };
		853B7ABC296C335600459D49 /* ar */ = {isa = PBXFileReference; lastKnownFileType = image.gif; name = ar; path = ar.lproj/Nebton.gif; sourceTree = "<group>"; };
		853B7ABE296C37BE00459D49 /* en */ = {isa = PBXFileReference; lastKnownFileType = image.gif; name = en; path = ../../Nebton.gif; sourceTree = "<group>"; };
		B1BBDB54297050B200BF45D1 /* en */ = {isa = PBXFileReference; lastKnownFileType = image.gif; name = en; path = ../../../en.lproj/Nebton.gif; sourceTree = "<group>"; };
/* End PBXFileReference section */

/* Begin PBXFrameworksBuildPhase section */
		853B7A74296C1F4900459D49 /* Frameworks */ = {
			isa = PBXFrameworksBuildPhase;
			buildActionMask = 2147483647;
			files = (
				85D24693297035DA00208FFC /* SPAlert in Frameworks */,
				853AEE392970006400D20881 /* LanguageManagerSwiftUI in Frameworks */,
				853B7AB0296C2A9100459D49 /* FLAnimatedImage in Frameworks */,
			);
			runOnlyForDeploymentPostprocessing = 0;
		};
		853B7A84296C1F4A00459D49 /* Frameworks */ = {
			isa = PBXFrameworksBuildPhase;
			buildActionMask = 2147483647;
			files = (
			);
			runOnlyForDeploymentPostprocessing = 0;
		};
		853B7A8E296C1F4A00459D49 /* Frameworks */ = {
			isa = PBXFrameworksBuildPhase;
			buildActionMask = 2147483647;
			files = (
			);
			runOnlyForDeploymentPostprocessing = 0;
		};
/* End PBXFrameworksBuildPhase section */

/* Begin PBXGroup section */
		853B7A6E296C1F4900459D49 = {
			isa = PBXGroup;
			children = (
				853B7AB7296C315E00459D49 /* Localizable.strings */,
				853B7A79296C1F4900459D49 /* Nebton */,
				853B7A8A296C1F4A00459D49 /* NebtonTests */,
				853B7A94296C1F4A00459D49 /* NebtonUITests */,
				853B7A78296C1F4900459D49 /* Products */,
			);
			sourceTree = "<group>";
		};
		853B7A78296C1F4900459D49 /* Products */ = {
			isa = PBXGroup;
			children = (
				853B7A77296C1F4900459D49 /* Nebton.app */,
				853B7A87296C1F4A00459D49 /* NebtonTests.xctest */,
				853B7A91296C1F4A00459D49 /* NebtonUITests.xctest */,
			);
			name = Products;
			sourceTree = "<group>";
		};
		853B7A79296C1F4900459D49 /* Nebton */ = {
			isa = PBXGroup;
			children = (
				853B7AA8296C1F9300459D49 /* LodingPage.swift */,
				853B7AA6296C1F7500459D49 /* HomePage.swift */,
				853B7AAA296C1FAC00459D49 /* StoryOnePage.swift */,
				853B7AAC296C1FC300459D49 /* StoryTwoPage.swift */,
				853B7A7A296C1F4900459D49 /* NebtonApp.swift */,
				853B7ABA296C335200459D49 /* Nebton.gif */,
				853B7ABB296C335200459D49 /* Nebton.gif */,
				853B7A7E296C1F4A00459D49 /* Assets.xcassets */,
				853B7A80296C1F4A00459D49 /* Preview Content */,
				853B7AB1296C2ADA00459D49 /* GIF view.swift */,
				853AEE3E2970077700D20881 /* LangaugeView.swift */,
				853AEE40297008E000D20881 /* LanguageManagerView.swift */,
				853AEE422970091A00D20881 /* LanguageSettings.swift */,
				853AEE442970099700D20881 /* AppUserDefault.swift */,
				853AEE4629700B2200D20881 /* AppButtonStyle.swift */,
			);
			path = Nebton;
			sourceTree = "<group>";
		};
		853B7A80296C1F4A00459D49 /* Preview Content */ = {
			isa = PBXGroup;
			children = (
				853B7A81296C1F4A00459D49 /* Preview Assets.xcassets */,
			);
			path = "Preview Content";
			sourceTree = "<group>";
		};
		853B7A8A296C1F4A00459D49 /* NebtonTests */ = {
			isa = PBXGroup;
			children = (
				853B7A8B296C1F4A00459D49 /* NebtonTests.swift */,
			);
			path = NebtonTests;
			sourceTree = "<group>";
		};
		853B7A94296C1F4A00459D49 /* NebtonUITests */ = {
			isa = PBXGroup;
			children = (
				853B7A95296C1F4A00459D49 /* NebtonUITests.swift */,
				853B7A97296C1F4A00459D49 /* NebtonUITestsLaunchTests.swift */,
			);
			path = NebtonUITests;
			sourceTree = "<group>";
		};
/* End PBXGroup section */

/* Begin PBXNativeTarget section */
		853B7A76296C1F4900459D49 /* Nebton */ = {
			isa = PBXNativeTarget;
			buildConfigurationList = 853B7A9B296C1F4A00459D49 /* Build configuration list for PBXNativeTarget "Nebton" */;
			buildPhases = (
				853B7A73296C1F4900459D49 /* Sources */,
				853B7A74296C1F4900459D49 /* Frameworks */,
				853B7A75296C1F4900459D49 /* Resources */,
			);
			buildRules = (
			);
			dependencies = (
			);
			name = Nebton;
			packageProductDependencies = (
				853B7AAF296C2A9100459D49 /* FLAnimatedImage */,
				853AEE382970006400D20881 /* LanguageManagerSwiftUI */,
				85D24692297035DA00208FFC /* SPAlert */,
			);
			productName = Nebton;
			productReference = 853B7A77296C1F4900459D49 /* Nebton.app */;
			productType = "com.apple.product-type.application";
		};
		853B7A86296C1F4A00459D49 /* NebtonTests */ = {
			isa = PBXNativeTarget;
			buildConfigurationList = 853B7A9E296C1F4A00459D49 /* Build configuration list for PBXNativeTarget "NebtonTests" */;
			buildPhases = (
				853B7A83296C1F4A00459D49 /* Sources */,
				853B7A84296C1F4A00459D49 /* Frameworks */,
				853B7A85296C1F4A00459D49 /* Resources */,
			);
			buildRules = (
			);
			dependencies = (
				853B7A89296C1F4A00459D49 /* PBXTargetDependency */,
			);
			name = NebtonTests;
			productName = NebtonTests;
			productReference = 853B7A87296C1F4A00459D49 /* NebtonTests.xctest */;
			productType = "com.apple.product-type.bundle.unit-test";
		};
		853B7A90296C1F4A00459D49 /* NebtonUITests */ = {
			isa = PBXNativeTarget;
			buildConfigurationList = 853B7AA1296C1F4A00459D49 /* Build configuration list for PBXNativeTarget "NebtonUITests" */;
			buildPhases = (
				853B7A8D296C1F4A00459D49 /* Sources */,
				853B7A8E296C1F4A00459D49 /* Frameworks */,
				853B7A8F296C1F4A00459D49 /* Resources */,
			);
			buildRules = (
			);
			dependencies = (
				853B7A93296C1F4A00459D49 /* PBXTargetDependency */,
			);
			name = NebtonUITests;
			productName = NebtonUITests;
			productReference = 853B7A91296C1F4A00459D49 /* NebtonUITests.xctest */;
			productType = "com.apple.product-type.bundle.ui-testing";
		};
/* End PBXNativeTarget section */

/* Begin PBXProject section */
		853B7A6F296C1F4900459D49 /* Project object */ = {
			isa = PBXProject;
			attributes = {
				BuildIndependentTargetsInParallel = 1;
				LastSwiftUpdateCheck = 1410;
				LastUpgradeCheck = 1420;
				TargetAttributes = {
					853B7A76296C1F4900459D49 = {
						CreatedOnToolsVersion = 14.1;
					};
					853B7A86296C1F4A00459D49 = {
						CreatedOnToolsVersion = 14.1;
						TestTargetID = 853B7A76296C1F4900459D49;
					};
					853B7A90296C1F4A00459D49 = {
						CreatedOnToolsVersion = 14.1;
						TestTargetID = 853B7A76296C1F4900459D49;
					};
				};
			};
			buildConfigurationList = 853B7A72296C1F4900459D49 /* Build configuration list for PBXProject "Nebton" */;
			compatibilityVersion = "Xcode 14.0";
			developmentRegion = en;
			hasScannedForEncodings = 0;
			knownRegions = (
				en,
				Base,
				ar,
			);
			mainGroup = 853B7A6E296C1F4900459D49;
			packageReferences = (
				853B7AAE296C2A9100459D49 /* XCRemoteSwiftPackageReference "FLAnimatedImage" */,
				853AEE372970006400D20881 /* XCRemoteSwiftPackageReference "LanguageManager-SwiftUI" */,
				85D24691297035DA00208FFC /* XCRemoteSwiftPackageReference "SPAlert" */,
			);
			productRefGroup = 853B7A78296C1F4900459D49 /* Products */;
			projectDirPath = "";
			projectRoot = "";
			targets = (
				853B7A76296C1F4900459D49 /* Nebton */,
				853B7A86296C1F4A00459D49 /* NebtonTests */,
				853B7A90296C1F4A00459D49 /* NebtonUITests */,
			);
		};
/* End PBXProject section */

/* Begin PBXResourcesBuildPhase section */
		853B7A75296C1F4900459D49 /* Resources */ = {
			isa = PBXResourcesBuildPhase;
			buildActionMask = 2147483647;
			files = (
				853B7A82296C1F4A00459D49 /* Preview Assets.xcassets in Resources */,
				853B7AB5296C315E00459D49 /* Localizable.strings in Resources */,
				8564BC48296EC24E00DF2D4C /* Nebton.gif in Resources */,
				853B7AB9296C335200459D49 /* Nebton.gif in Resources */,
				853B7A7F296C1F4A00459D49 /* Assets.xcassets in Resources */,
			);
			runOnlyForDeploymentPostprocessing = 0;
		};
		853B7A85296C1F4A00459D49 /* Resources */ = {
			isa = PBXResourcesBuildPhase;
			buildActionMask = 2147483647;
			files = (
			);
			runOnlyForDeploymentPostprocessing = 0;
		};
		853B7A8F296C1F4A00459D49 /* Resources */ = {
			isa = PBXResourcesBuildPhase;
			buildActionMask = 2147483647;
			files = (
			);
			runOnlyForDeploymentPostprocessing = 0;
		};
/* End PBXResourcesBuildPhase section */

/* Begin PBXSourcesBuildPhase section */
		853B7A73296C1F4900459D49 /* Sources */ = {
			isa = PBXSourcesBuildPhase;
			buildActionMask = 2147483647;
			files = (
				853B7AB2296C2ADA00459D49 /* GIF view.swift in Sources */,
				853AEE4729700B2200D20881 /* AppButtonStyle.swift in Sources */,
				853B7AA7296C1F7500459D49 /* HomePage.swift in Sources */,
				853AEE3F2970077700D20881 /* LangaugeView.swift in Sources */,
				853AEE432970091A00D20881 /* LanguageSettings.swift in Sources */,
				853B7A7B296C1F4900459D49 /* NebtonApp.swift in Sources */,
				853B7AAD296C1FC300459D49 /* StoryTwoPage.swift in Sources */,
				853B7AAB296C1FAC00459D49 /* StoryOnePage.swift in Sources */,
				853AEE41297008E000D20881 /* LanguageManagerView.swift in Sources */,
				853AEE452970099700D20881 /* AppUserDefault.swift in Sources */,
				853B7AA9296C1F9300459D49 /* LodingPage.swift in Sources */,
			);
			runOnlyForDeploymentPostprocessing = 0;
		};
		853B7A83296C1F4A00459D49 /* Sources */ = {
			isa = PBXSourcesBuildPhase;
			buildActionMask = 2147483647;
			files = (
				853B7A8C296C1F4A00459D49 /* NebtonTests.swift in Sources */,
			);
			runOnlyForDeploymentPostprocessing = 0;
		};
		853B7A8D296C1F4A00459D49 /* Sources */ = {
			isa = PBXSourcesBuildPhase;
			buildActionMask = 2147483647;
			files = (
				853B7A98296C1F4A00459D49 /* NebtonUITestsLaunchTests.swift in Sources */,
				853B7A96296C1F4A00459D49 /* NebtonUITests.swift in Sources */,
			);
			runOnlyForDeploymentPostprocessing = 0;
		};
/* End PBXSourcesBuildPhase section */

/* Begin PBXTargetDependency section */
		853B7A89296C1F4A00459D49 /* PBXTargetDependency */ = {
			isa = PBXTargetDependency;
			target = 853B7A76296C1F4900459D49 /* Nebton */;
			targetProxy = 853B7A88296C1F4A00459D49 /* PBXContainerItemProxy */;
		};
		853B7A93296C1F4A00459D49 /* PBXTargetDependency */ = {
			isa = PBXTargetDependency;
			target = 853B7A76296C1F4900459D49 /* Nebton */;
			targetProxy = 853B7A92296C1F4A00459D49 /* PBXContainerItemProxy */;
		};
/* End PBXTargetDependency section */

/* Begin PBXVariantGroup section */
		853B7AB7296C315E00459D49 /* Localizable.strings */ = {
			isa = PBXVariantGroup;
			children = (
				853B7AB6296C315E00459D49 /* en */,
				853B7AB8296C316200459D49 /* ar */,
			);
			name = Localizable.strings;
			sourceTree = "<group>";
		};
		853B7ABB296C335200459D49 /* Nebton.gif */ = {
			isa = PBXVariantGroup;
			children = (
				853B7ABC296C335600459D49 /* ar */,
				853B7ABE296C37BE00459D49 /* en */,
				B1BBDB54297050B200BF45D1 /* en */,
			);
			name = Nebton.gif;
			sourceTree = "<group>";
		};
/* End PBXVariantGroup section */

/* Begin XCBuildConfiguration section */
		853B7A99296C1F4A00459D49 /* Debug */ = {
			isa = XCBuildConfiguration;
			buildSettings = {
				ALWAYS_SEARCH_USER_PATHS = NO;
				CLANG_ANALYZER_LOCALIZABILITY_NONLOCALIZED = YES;
				CLANG_ANALYZER_NONNULL = YES;
				CLANG_ANALYZER_NUMBER_OBJECT_CONVERSION = YES_AGGRESSIVE;
				CLANG_CXX_LANGUAGE_STANDARD = "gnu++20";
				CLANG_ENABLE_MODULES = YES;
				CLANG_ENABLE_OBJC_ARC = YES;
				CLANG_ENABLE_OBJC_WEAK = YES;
				CLANG_WARN_BLOCK_CAPTURE_AUTORELEASING = YES;
				CLANG_WARN_BOOL_CONVERSION = YES;
				CLANG_WARN_COMMA = YES;
				CLANG_WARN_CONSTANT_CONVERSION = YES;
				CLANG_WARN_DEPRECATED_OBJC_IMPLEMENTATIONS = YES;
				CLANG_WARN_DIRECT_OBJC_ISA_USAGE = YES_ERROR;
				CLANG_WARN_DOCUMENTATION_COMMENTS = YES;
				CLANG_WARN_EMPTY_BODY = YES;
				CLANG_WARN_ENUM_CONVERSION = YES;
				CLANG_WARN_INFINITE_RECURSION = YES;
				CLANG_WARN_INT_CONVERSION = YES;
				CLANG_WARN_NON_LITERAL_NULL_CONVERSION = YES;
				CLANG_WARN_OBJC_IMPLICIT_RETAIN_SELF = YES;
				CLANG_WARN_OBJC_LITERAL_CONVERSION = YES;
				CLANG_WARN_OBJC_ROOT_CLASS = YES_ERROR;
				CLANG_WARN_QUOTED_INCLUDE_IN_FRAMEWORK_HEADER = YES;
				CLANG_WARN_RANGE_LOOP_ANALYSIS = YES;
				CLANG_WARN_STRICT_PROTOTYPES = YES;
				CLANG_WARN_SUSPICIOUS_MOVE = YES;
				CLANG_WARN_UNGUARDED_AVAILABILITY = YES_AGGRESSIVE;
				CLANG_WARN_UNREACHABLE_CODE = YES;
				CLANG_WARN__DUPLICATE_METHOD_MATCH = YES;
				COPY_PHASE_STRIP = NO;
				DEBUG_INFORMATION_FORMAT = dwarf;
				ENABLE_STRICT_OBJC_MSGSEND = YES;
				ENABLE_TESTABILITY = YES;
				GCC_C_LANGUAGE_STANDARD = gnu11;
				GCC_DYNAMIC_NO_PIC = NO;
				GCC_NO_COMMON_BLOCKS = YES;
				GCC_OPTIMIZATION_LEVEL = 0;
				GCC_PREPROCESSOR_DEFINITIONS = (
					"DEBUG=1",
					"$(inherited)",
				);
				GCC_WARN_64_TO_32_BIT_CONVERSION = YES;
				GCC_WARN_ABOUT_RETURN_TYPE = YES_ERROR;
				GCC_WARN_UNDECLARED_SELECTOR = YES;
				GCC_WARN_UNINITIALIZED_AUTOS = YES_AGGRESSIVE;
				GCC_WARN_UNUSED_FUNCTION = YES;
				GCC_WARN_UNUSED_VARIABLE = YES;
				IPHONEOS_DEPLOYMENT_TARGET = 16.1;
				MTL_ENABLE_DEBUG_INFO = INCLUDE_SOURCE;
				MTL_FAST_MATH = YES;
				ONLY_ACTIVE_ARCH = YES;
				SDKROOT = iphoneos;
				SWIFT_ACTIVE_COMPILATION_CONDITIONS = DEBUG;
				SWIFT_OPTIMIZATION_LEVEL = "-Onone";
			};
			name = Debug;
		};
		853B7A9A296C1F4A00459D49 /* Release */ = {
			isa = XCBuildConfiguration;
			buildSettings = {
				ALWAYS_SEARCH_USER_PATHS = NO;
				CLANG_ANALYZER_LOCALIZABILITY_NONLOCALIZED = YES;
				CLANG_ANALYZER_NONNULL = YES;
				CLANG_ANALYZER_NUMBER_OBJECT_CONVERSION = YES_AGGRESSIVE;
				CLANG_CXX_LANGUAGE_STANDARD = "gnu++20";
				CLANG_ENABLE_MODULES = YES;
				CLANG_ENABLE_OBJC_ARC = YES;
				CLANG_ENABLE_OBJC_WEAK = YES;
				CLANG_WARN_BLOCK_CAPTURE_AUTORELEASING = YES;
				CLANG_WARN_BOOL_CONVERSION = YES;
				CLANG_WARN_COMMA = YES;
				CLANG_WARN_CONSTANT_CONVERSION = YES;
				CLANG_WARN_DEPRECATED_OBJC_IMPLEMENTATIONS = YES;
				CLANG_WARN_DIRECT_OBJC_ISA_USAGE = YES_ERROR;
				CLANG_WARN_DOCUMENTATION_COMMENTS = YES;
				CLANG_WARN_EMPTY_BODY = YES;
				CLANG_WARN_ENUM_CONVERSION = YES;
				CLANG_WARN_INFINITE_RECURSION = YES;
				CLANG_WARN_INT_CONVERSION = YES;
				CLANG_WARN_NON_LITERAL_NULL_CONVERSION = YES;
				CLANG_WARN_OBJC_IMPLICIT_RETAIN_SELF = YES;
				CLANG_WARN_OBJC_LITERAL_CONVERSION = YES;
				CLANG_WARN_OBJC_ROOT_CLASS = YES_ERROR;
				CLANG_WARN_QUOTED_INCLUDE_IN_FRAMEWORK_HEADER = YES;
				CLANG_WARN_RANGE_LOOP_ANALYSIS = YES;
				CLANG_WARN_STRICT_PROTOTYPES = YES;
				CLANG_WARN_SUSPICIOUS_MOVE = YES;
				CLANG_WARN_UNGUARDED_AVAILABILITY = YES_AGGRESSIVE;
				CLANG_WARN_UNREACHABLE_CODE = YES;
				CLANG_WARN__DUPLICATE_METHOD_MATCH = YES;
				COPY_PHASE_STRIP = NO;
				DEBUG_INFORMATION_FORMAT = "dwarf-with-dsym";
				ENABLE_NS_ASSERTIONS = NO;
				ENABLE_STRICT_OBJC_MSGSEND = YES;
				GCC_C_LANGUAGE_STANDARD = gnu11;
				GCC_NO_COMMON_BLOCKS = YES;
				GCC_WARN_64_TO_32_BIT_CONVERSION = YES;
				GCC_WARN_ABOUT_RETURN_TYPE = YES_ERROR;
				GCC_WARN_UNDECLARED_SELECTOR = YES;
				GCC_WARN_UNINITIALIZED_AUTOS = YES_AGGRESSIVE;
				GCC_WARN_UNUSED_FUNCTION = YES;
				GCC_WARN_UNUSED_VARIABLE = YES;
				IPHONEOS_DEPLOYMENT_TARGET = 16.1;
				MTL_ENABLE_DEBUG_INFO = NO;
				MTL_FAST_MATH = YES;
				SDKROOT = iphoneos;
				SWIFT_COMPILATION_MODE = wholemodule;
				SWIFT_OPTIMIZATION_LEVEL = "-O";
				VALIDATE_PRODUCT = YES;
			};
			name = Release;
		};
		853B7A9C296C1F4A00459D49 /* Debug */ = {
			isa = XCBuildConfiguration;
			buildSettings = {
				ASSETCATALOG_COMPILER_APPICON_NAME = AppIcon;
				ASSETCATALOG_COMPILER_GLOBAL_ACCENT_COLOR_NAME = AccentColor;
				CODE_SIGN_STYLE = Automatic;
				CURRENT_PROJECT_VERSION = 1;
				DEVELOPMENT_ASSET_PATHS = "\"Nebton/Preview Content\"";
				DEVELOPMENT_TEAM = BR4LSWUJ5T;
				ENABLE_PREVIEWS = YES;
				GENERATE_INFOPLIST_FILE = YES;
				INFOPLIST_KEY_UIApplicationSceneManifest_Generation = YES;
				INFOPLIST_KEY_UIApplicationSupportsIndirectInputEvents = YES;
				INFOPLIST_KEY_UILaunchScreen_Generation = YES;
				INFOPLIST_KEY_UISupportedInterfaceOrientations_iPad = "UIInterfaceOrientationPortrait UIInterfaceOrientationPortraitUpsideDown UIInterfaceOrientationLandscapeLeft UIInterfaceOrientationLandscapeRight";
				INFOPLIST_KEY_UISupportedInterfaceOrientations_iPhone = "UIInterfaceOrientationPortrait UIInterfaceOrientationLandscapeLeft UIInterfaceOrientationLandscapeRight";
				LD_RUNPATH_SEARCH_PATHS = (
					"$(inherited)",
					"@executable_path/Frameworks",
				);
				MARKETING_VERSION = 1.0;
				PRODUCT_BUNDLE_IDENTIFIER = "-.Nebton";
				PRODUCT_NAME = "$(TARGET_NAME)";
				SWIFT_EMIT_LOC_STRINGS = YES;
				SWIFT_VERSION = 5.0;
				TARGETED_DEVICE_FAMILY = "1,2";
			};
			name = Debug;
		};
		853B7A9D296C1F4A00459D49 /* Release */ = {
			isa = XCBuildConfiguration;
			buildSettings = {
				ASSETCATALOG_COMPILER_APPICON_NAME = AppIcon;
				ASSETCATALOG_COMPILER_GLOBAL_ACCENT_COLOR_NAME = AccentColor;
				CODE_SIGN_STYLE = Automatic;
				CURRENT_PROJECT_VERSION = 1;
				DEVELOPMENT_ASSET_PATHS = "\"Nebton/Preview Content\"";
				DEVELOPMENT_TEAM = BR4LSWUJ5T;
				ENABLE_PREVIEWS = YES;
				GENERATE_INFOPLIST_FILE = YES;
				INFOPLIST_KEY_UIApplicationSceneManifest_Generation = YES;
				INFOPLIST_KEY_UIApplicationSupportsIndirectInputEvents = YES;
				INFOPLIST_KEY_UILaunchScreen_Generation = YES;
				INFOPLIST_KEY_UISupportedInterfaceOrientations_iPad = "UIInterfaceOrientationPortrait UIInterfaceOrientationPortraitUpsideDown UIInterfaceOrientationLandscapeLeft UIInterfaceOrientationLandscapeRight";
				INFOPLIST_KEY_UISupportedInterfaceOrientations_iPhone = "UIInterfaceOrientationPortrait UIInterfaceOrientationLandscapeLeft UIInterfaceOrientationLandscapeRight";
				LD_RUNPATH_SEARCH_PATHS = (
					"$(inherited)",
					"@executable_path/Frameworks",
				);
				MARKETING_VERSION = 1.0;
				PRODUCT_BUNDLE_IDENTIFIER = "-.Nebton";
				PRODUCT_NAME = "$(TARGET_NAME)";
				SWIFT_EMIT_LOC_STRINGS = YES;
				SWIFT_VERSION = 5.0;
				TARGETED_DEVICE_FAMILY = "1,2";
			};
			name = Release;
		};
		853B7A9F296C1F4A00459D49 /* Debug */ = {
			isa = XCBuildConfiguration;
			buildSettings = {
				ALWAYS_EMBED_SWIFT_STANDARD_LIBRARIES = YES;
				BUNDLE_LOADER = "$(TEST_HOST)";
				CODE_SIGN_STYLE = Automatic;
				CURRENT_PROJECT_VERSION = 1;
				GENERATE_INFOPLIST_FILE = YES;
				IPHONEOS_DEPLOYMENT_TARGET = 16.1;
				MARKETING_VERSION = 1.0;
				PRODUCT_BUNDLE_IDENTIFIER = "-.NebtonTests";
				PRODUCT_NAME = "$(TARGET_NAME)";
				SWIFT_EMIT_LOC_STRINGS = NO;
				SWIFT_VERSION = 5.0;
				TARGETED_DEVICE_FAMILY = "1,2";
				TEST_HOST = "$(BUILT_PRODUCTS_DIR)/Nebton.app/$(BUNDLE_EXECUTABLE_FOLDER_PATH)/Nebton";
			};
			name = Debug;
		};
		853B7AA0296C1F4A00459D49 /* Release */ = {
			isa = XCBuildConfiguration;
			buildSettings = {
				ALWAYS_EMBED_SWIFT_STANDARD_LIBRARIES = YES;
				BUNDLE_LOADER = "$(TEST_HOST)";
				CODE_SIGN_STYLE = Automatic;
				CURRENT_PROJECT_VERSION = 1;
				GENERATE_INFOPLIST_FILE = YES;
				IPHONEOS_DEPLOYMENT_TARGET = 16.1;
				MARKETING_VERSION = 1.0;
				PRODUCT_BUNDLE_IDENTIFIER = "-.NebtonTests";
				PRODUCT_NAME = "$(TARGET_NAME)";
				SWIFT_EMIT_LOC_STRINGS = NO;
				SWIFT_VERSION = 5.0;
				TARGETED_DEVICE_FAMILY = "1,2";
				TEST_HOST = "$(BUILT_PRODUCTS_DIR)/Nebton.app/$(BUNDLE_EXECUTABLE_FOLDER_PATH)/Nebton";
			};
			name = Release;
		};
		853B7AA2296C1F4A00459D49 /* Debug */ = {
			isa = XCBuildConfiguration;
			buildSettings = {
				ALWAYS_EMBED_SWIFT_STANDARD_LIBRARIES = YES;
				CODE_SIGN_STYLE = Automatic;
				CURRENT_PROJECT_VERSION = 1;
				GENERATE_INFOPLIST_FILE = YES;
				MARKETING_VERSION = 1.0;
				PRODUCT_BUNDLE_IDENTIFIER = "-.NebtonUITests";
				PRODUCT_NAME = "$(TARGET_NAME)";
				SWIFT_EMIT_LOC_STRINGS = NO;
				SWIFT_VERSION = 5.0;
				TARGETED_DEVICE_FAMILY = "1,2";
				TEST_TARGET_NAME = Nebton;
			};
			name = Debug;
		};
		853B7AA3296C1F4A00459D49 /* Release */ = {
			isa = XCBuildConfiguration;
			buildSettings = {
				ALWAYS_EMBED_SWIFT_STANDARD_LIBRARIES = YES;
				CODE_SIGN_STYLE = Automatic;
				CURRENT_PROJECT_VERSION = 1;
				GENERATE_INFOPLIST_FILE = YES;
				MARKETING_VERSION = 1.0;
				PRODUCT_BUNDLE_IDENTIFIER = "-.NebtonUITests";
				PRODUCT_NAME = "$(TARGET_NAME)";
				SWIFT_EMIT_LOC_STRINGS = NO;
				SWIFT_VERSION = 5.0;
				TARGETED_DEVICE_FAMILY = "1,2";
				TEST_TARGET_NAME = Nebton;
			};
			name = Release;
		};
/* End XCBuildConfiguration section */

/* Begin XCConfigurationList section */
		853B7A72296C1F4900459D49 /* Build configuration list for PBXProject "Nebton" */ = {
			isa = XCConfigurationList;
			buildConfigurations = (
				853B7A99296C1F4A00459D49 /* Debug */,
				853B7A9A296C1F4A00459D49 /* Release */,
			);
			defaultConfigurationIsVisible = 0;
			defaultConfigurationName = Release;
		};
		853B7A9B296C1F4A00459D49 /* Build configuration list for PBXNativeTarget "Nebton" */ = {
			isa = XCConfigurationList;
			buildConfigurations = (
				853B7A9C296C1F4A00459D49 /* Debug */,
				853B7A9D296C1F4A00459D49 /* Release */,
			);
			defaultConfigurationIsVisible = 0;
			defaultConfigurationName = Release;
		};
		853B7A9E296C1F4A00459D49 /* Build configuration list for PBXNativeTarget "NebtonTests" */ = {
			isa = XCConfigurationList;
			buildConfigurations = (
				853B7A9F296C1F4A00459D49 /* Debug */,
				853B7AA0296C1F4A00459D49 /* Release */,
			);
			defaultConfigurationIsVisible = 0;
			defaultConfigurationName = Release;
		};
		853B7AA1296C1F4A00459D49 /* Build configuration list for PBXNativeTarget "NebtonUITests" */ = {
			isa = XCConfigurationList;
			buildConfigurations = (
				853B7AA2296C1F4A00459D49 /* Debug */,
				853B7AA3296C1F4A00459D49 /* Release */,
			);
			defaultConfigurationIsVisible = 0;
			defaultConfigurationName = Release;
		};
/* End XCConfigurationList section */

/* Begin XCRemoteSwiftPackageReference section */
		853AEE372970006400D20881 /* XCRemoteSwiftPackageReference "LanguageManager-SwiftUI" */ = {
			isa = XCRemoteSwiftPackageReference;
			repositoryURL = "https://github.com/Abedalkareem/LanguageManager-SwiftUI";
			requirement = {
				kind = upToNextMajorVersion;
				minimumVersion = 0.0.6;
			};
		};
		853B7AAE296C2A9100459D49 /* XCRemoteSwiftPackageReference "FLAnimatedImage" */ = {
			isa = XCRemoteSwiftPackageReference;
			repositoryURL = "https://github.com/Flipboard/FLAnimatedImage";
			requirement = {
				kind = upToNextMajorVersion;
				minimumVersion = 1.0.0;
			};
		};
		85D24691297035DA00208FFC /* XCRemoteSwiftPackageReference "SPAlert" */ = {
			isa = XCRemoteSwiftPackageReference;
			repositoryURL = "https://github.com/ivanvorobei/SPAlert";
			requirement = {
				branch = main;
				kind = branch;
			};
		};
/* End XCRemoteSwiftPackageReference section */

/* Begin XCSwiftPackageProductDependency section */
		853AEE382970006400D20881 /* LanguageManagerSwiftUI */ = {
			isa = XCSwiftPackageProductDependency;
			package = 853AEE372970006400D20881 /* XCRemoteSwiftPackageReference "LanguageManager-SwiftUI" */;
			productName = LanguageManagerSwiftUI;
		};
		853B7AAF296C2A9100459D49 /* FLAnimatedImage */ = {
			isa = XCSwiftPackageProductDependency;
			package = 853B7AAE296C2A9100459D49 /* XCRemoteSwiftPackageReference "FLAnimatedImage" */;
			productName = FLAnimatedImage;
		};
		85D24692297035DA00208FFC /* SPAlert */ = {
			isa = XCSwiftPackageProductDependency;
			package = 85D24691297035DA00208FFC /* XCRemoteSwiftPackageReference "SPAlert" */;
			productName = SPAlert;
		};
/* End XCSwiftPackageProductDependency section */
	};
	rootObject = 853B7A6F296C1F4900459D49 /* Project object */;
}
